// !$*UTF8*$!
{
	archiveVersion = 1;
	classes = {
	};
	objectVersion = 56;
	objects = {

/* Begin PBXBuildFile section */
		E99F39B82A531D0A003045FA /* DealsAppApp.swift in Sources */ = {isa = PBXBuildFile; fileRef = E99F39B72A531D0A003045FA /* DealsAppApp.swift */; };
		E99F39BC2A531D0C003045FA /* Assets.xcassets in Resources */ = {isa = PBXBuildFile; fileRef = E99F39BB2A531D0C003045FA /* Assets.xcassets */; };
		E99F39BF2A531D0C003045FA /* Preview Assets.xcassets in Resources */ = {isa = PBXBuildFile; fileRef = E99F39BE2A531D0C003045FA /* Preview Assets.xcassets */; };
		E99F39C92A531D0D003045FA /* DealsAppTests.swift in Sources */ = {isa = PBXBuildFile; fileRef = E99F39C82A531D0D003045FA /* DealsAppTests.swift */; };
		E99F39D32A531D0D003045FA /* DealsAppUITests.swift in Sources */ = {isa = PBXBuildFile; fileRef = E99F39D22A531D0D003045FA /* DealsAppUITests.swift */; };
		E99F39D52A531D0D003045FA /* DealsAppUITestsLaunchTests.swift in Sources */ = {isa = PBXBuildFile; fileRef = E99F39D42A531D0D003045FA /* DealsAppUITestsLaunchTests.swift */; };
		E99F39E62A531D9D003045FA /* DealsService.swift in Sources */ = {isa = PBXBuildFile; fileRef = E99F39E22A531D9D003045FA /* DealsService.swift */; };
		E99F39E72A531D9D003045FA /* HomeViewModel.swift in Sources */ = {isa = PBXBuildFile; fileRef = E99F39E42A531D9D003045FA /* HomeViewModel.swift */; };
		E99F39E82A531D9D003045FA /* HomeView.swift in Sources */ = {isa = PBXBuildFile; fileRef = E99F39E52A531D9D003045FA /* HomeView.swift */; };
		E99F39ED2A531DC4003045FA /* APIError.swift in Sources */ = {isa = PBXBuildFile; fileRef = E99F39EC2A531DC3003045FA /* APIError.swift */; };
		E99F39F52A53205A003045FA /* DealsResponse.swift in Sources */ = {isa = PBXBuildFile; fileRef = E99F39F42A53205A003045FA /* DealsResponse.swift */; };
		E99F39FA2A534611003045FA /* getDealsWithAugments.json in Resources */ = {isa = PBXBuildFile; fileRef = E99F39F92A534611003045FA /* getDealsWithAugments.json */; };
		E99F39FC2A534AD4003045FA /* Info.plist in Resources */ = {isa = PBXBuildFile; fileRef = E99F39FB2A534AD4003045FA /* Info.plist */; };
/* End PBXBuildFile section */

/* Begin PBXContainerItemProxy section */
		E99F39C52A531D0D003045FA /* PBXContainerItemProxy */ = {
			isa = PBXContainerItemProxy;
			containerPortal = E99F39AC2A531D0A003045FA /* Project object */;
			proxyType = 1;
			remoteGlobalIDString = E99F39B32A531D0A003045FA;
			remoteInfo = DealsApp;
		};
		E99F39CF2A531D0D003045FA /* PBXContainerItemProxy */ = {
			isa = PBXContainerItemProxy;
			containerPortal = E99F39AC2A531D0A003045FA /* Project object */;
			proxyType = 1;
			remoteGlobalIDString = E99F39B32A531D0A003045FA;
			remoteInfo = DealsApp;
		};
/* End PBXContainerItemProxy section */

/* Begin PBXFileReference section */
		E99F39B42A531D0A003045FA /* DealsApp.app */ = {isa = PBXFileReference; explicitFileType = wrapper.application; includeInIndex = 0; path = DealsApp.app; sourceTree = BUILT_PRODUCTS_DIR; };
		E99F39B72A531D0A003045FA /* DealsAppApp.swift */ = {isa = PBXFileReference; lastKnownFileType = sourcecode.swift; path = DealsAppApp.swift; sourceTree = "<group>"; };
		E99F39BB2A531D0C003045FA /* Assets.xcassets */ = {isa = PBXFileReference; lastKnownFileType = folder.assetcatalog; path = Assets.xcassets; sourceTree = "<group>"; };
		E99F39BE2A531D0C003045FA /* Preview Assets.xcassets */ = {isa = PBXFileReference; lastKnownFileType = folder.assetcatalog; path = "Preview Assets.xcassets"; sourceTree = "<group>"; };
		E99F39C42A531D0D003045FA /* DealsAppTests.xctest */ = {isa = PBXFileReference; explicitFileType = wrapper.cfbundle; includeInIndex = 0; path = DealsAppTests.xctest; sourceTree = BUILT_PRODUCTS_DIR; };
		E99F39C82A531D0D003045FA /* DealsAppTests.swift */ = {isa = PBXFileReference; lastKnownFileType = sourcecode.swift; path = DealsAppTests.swift; sourceTree = "<group>"; };
		E99F39CE2A531D0D003045FA /* DealsAppUITests.xctest */ = {isa = PBXFileReference; explicitFileType = wrapper.cfbundle; includeInIndex = 0; path = DealsAppUITests.xctest; sourceTree = BUILT_PRODUCTS_DIR; };
		E99F39D22A531D0D003045FA /* DealsAppUITests.swift */ = {isa = PBXFileReference; lastKnownFileType = sourcecode.swift; path = DealsAppUITests.swift; sourceTree = "<group>"; };
		E99F39D42A531D0D003045FA /* DealsAppUITestsLaunchTests.swift */ = {isa = PBXFileReference; lastKnownFileType = sourcecode.swift; path = DealsAppUITestsLaunchTests.swift; sourceTree = "<group>"; };
		E99F39E22A531D9D003045FA /* DealsService.swift */ = {isa = PBXFileReference; fileEncoding = 4; lastKnownFileType = sourcecode.swift; path = DealsService.swift; sourceTree = "<group>"; };
		E99F39E42A531D9D003045FA /* HomeViewModel.swift */ = {isa = PBXFileReference; fileEncoding = 4; lastKnownFileType = sourcecode.swift; path = HomeViewModel.swift; sourceTree = "<group>"; };
		E99F39E52A531D9D003045FA /* HomeView.swift */ = {isa = PBXFileReference; fileEncoding = 4; lastKnownFileType = sourcecode.swift; path = HomeView.swift; sourceTree = "<group>"; };
		E99F39EC2A531DC3003045FA /* APIError.swift */ = {isa = PBXFileReference; fileEncoding = 4; lastKnownFileType = sourcecode.swift; path = APIError.swift; sourceTree = "<group>"; };
		E99F39F42A53205A003045FA /* DealsResponse.swift */ = {isa = PBXFileReference; lastKnownFileType = sourcecode.swift; path = DealsResponse.swift; sourceTree = "<group>"; };
		E99F39F92A534611003045FA /* getDealsWithAugments.json */ = {isa = PBXFileReference; fileEncoding = 4; lastKnownFileType = text.json; name = getDealsWithAugments.json; path = ../../DAPP/DealsApp/getDealsWithAugments.json; sourceTree = "<group>"; };
		E99F39FB2A534AD4003045FA /* Info.plist */ = {isa = PBXFileReference; fileEncoding = 4; lastKnownFileType = text.plist.xml; path = Info.plist; sourceTree = "<group>"; };
/* End PBXFileReference section */

/* Begin PBXFrameworksBuildPhase section */
		E99F39B12A531D0A003045FA /* Frameworks */ = {
			isa = PBXFrameworksBuildPhase;
			buildActionMask = 2147483647;
			files = (
			);
			runOnlyForDeploymentPostprocessing = 0;
		};
		E99F39C12A531D0D003045FA /* Frameworks */ = {
			isa = PBXFrameworksBuildPhase;
			buildActionMask = 2147483647;
			files = (
			);
			runOnlyForDeploymentPostprocessing = 0;
		};
		E99F39CB2A531D0D003045FA /* Frameworks */ = {
			isa = PBXFrameworksBuildPhase;
			buildActionMask = 2147483647;
			files = (
			);
			runOnlyForDeploymentPostprocessing = 0;
		};
/* End PBXFrameworksBuildPhase section */

/* Begin PBXGroup section */
		E99F39AB2A531D0A003045FA = {
			isa = PBXGroup;
			children = (
				E99F39B62A531D0A003045FA /* DealsApp */,
				E99F39C72A531D0D003045FA /* DealsAppTests */,
				E99F39D12A531D0D003045FA /* DealsAppUITests */,
				E99F39B52A531D0A003045FA /* Products */,
			);
			sourceTree = "<group>";
		};
		E99F39B52A531D0A003045FA /* Products */ = {
			isa = PBXGroup;
			children = (
				E99F39B42A531D0A003045FA /* DealsApp.app */,
				E99F39C42A531D0D003045FA /* DealsAppTests.xctest */,
				E99F39CE2A531D0D003045FA /* DealsAppUITests.xctest */,
			);
			name = Products;
			sourceTree = "<group>";
		};
		E99F39B62A531D0A003045FA /* DealsApp */ = {
			isa = PBXGroup;
			children = (
				E99F39F92A534611003045FA /* getDealsWithAugments.json */,
				E99F39FB2A534AD4003045FA /* Info.plist */,
				E99F39F12A532009003045FA /* Network */,
				E99F39B72A531D0A003045FA /* DealsAppApp.swift */,
				E99F39EB2A531DC3003045FA /* Shared */,
				E99F39E12A531D9D003045FA /* Screens */,
				E99F39BB2A531D0C003045FA /* Assets.xcassets */,
				E99F39BD2A531D0C003045FA /* Preview Content */,
			);
			path = DealsApp;
			sourceTree = "<group>";
		};
		E99F39BD2A531D0C003045FA /* Preview Content */ = {
			isa = PBXGroup;
			children = (
				E99F39BE2A531D0C003045FA /* Preview Assets.xcassets */,
			);
			path = "Preview Content";
			sourceTree = "<group>";
		};
		E99F39C72A531D0D003045FA /* DealsAppTests */ = {
			isa = PBXGroup;
			children = (
				E99F39C82A531D0D003045FA /* DealsAppTests.swift */,
			);
			path = DealsAppTests;
			sourceTree = "<group>";
		};
		E99F39D12A531D0D003045FA /* DealsAppUITests */ = {
			isa = PBXGroup;
			children = (
				E99F39D22A531D0D003045FA /* DealsAppUITests.swift */,
				E99F39D42A531D0D003045FA /* DealsAppUITestsLaunchTests.swift */,
			);
			path = DealsAppUITests;
			sourceTree = "<group>";
		};
		E99F39E12A531D9D003045FA /* Screens */ = {
			isa = PBXGroup;
			children = (
				E99F39E32A531D9D003045FA /* DealsHomePage */,
			);
			path = Screens;
			sourceTree = "<group>";
		};
		E99F39E32A531D9D003045FA /* DealsHomePage */ = {
			isa = PBXGroup;
			children = (
				E99F39E52A531D9D003045FA /* HomeView.swift */,
				E99F39E42A531D9D003045FA /* HomeViewModel.swift */,
			);
			path = DealsHomePage;
			sourceTree = "<group>";
		};
		E99F39EB2A531DC3003045FA /* Shared */ = {
			isa = PBXGroup;
			children = (
				E99F39EC2A531DC3003045FA /* APIError.swift */,
			);
			path = Shared;
			sourceTree = "<group>";
		};
		E99F39F12A532009003045FA /* Network */ = {
			isa = PBXGroup;
			children = (
				E99F39E22A531D9D003045FA /* DealsService.swift */,
				E99F39F42A53205A003045FA /* DealsResponse.swift */,
			);
			path = Network;
			sourceTree = "<group>";
		};
/* End PBXGroup section */

/* Begin PBXNativeTarget section */
		E99F39B32A531D0A003045FA /* DealsApp */ = {
			isa = PBXNativeTarget;
			buildConfigurationList = E99F39D82A531D0D003045FA /* Build configuration list for PBXNativeTarget "DealsApp" */;
			buildPhases = (
				E99F39B02A531D0A003045FA /* Sources */,
				E99F39B12A531D0A003045FA /* Frameworks */,
				E99F39B22A531D0A003045FA /* Resources */,
			);
			buildRules = (
			);
			dependencies = (
			);
			name = DealsApp;
			productName = DealsApp;
			productReference = E99F39B42A531D0A003045FA /* DealsApp.app */;
			productType = "com.apple.product-type.application";
		};
		E99F39C32A531D0D003045FA /* DealsAppTests */ = {
			isa = PBXNativeTarget;
			buildConfigurationList = E99F39DB2A531D0D003045FA /* Build configuration list for PBXNativeTarget "DealsAppTests" */;
			buildPhases = (
				E99F39C02A531D0D003045FA /* Sources */,
				E99F39C12A531D0D003045FA /* Frameworks */,
				E99F39C22A531D0D003045FA /* Resources */,
			);
			buildRules = (
			);
			dependencies = (
				E99F39C62A531D0D003045FA /* PBXTargetDependency */,
			);
			name = DealsAppTests;
			productName = DealsAppTests;
			productReference = E99F39C42A531D0D003045FA /* DealsAppTests.xctest */;
			productType = "com.apple.product-type.bundle.unit-test";
		};
		E99F39CD2A531D0D003045FA /* DealsAppUITests */ = {
			isa = PBXNativeTarget;
			buildConfigurationList = E99F39DE2A531D0D003045FA /* Build configuration list for PBXNativeTarget "DealsAppUITests" */;
			buildPhases = (
				E99F39CA2A531D0D003045FA /* Sources */,
				E99F39CB2A531D0D003045FA /* Frameworks */,
				E99F39CC2A531D0D003045FA /* Resources */,
			);
			buildRules = (
			);
			dependencies = (
				E99F39D02A531D0D003045FA /* PBXTargetDependency */,
			);
			name = DealsAppUITests;
			productName = DealsAppUITests;
			productReference = E99F39CE2A531D0D003045FA /* DealsAppUITests.xctest */;
			productType = "com.apple.product-type.bundle.ui-testing";
		};
/* End PBXNativeTarget section */

/* Begin PBXProject section */
		E99F39AC2A531D0A003045FA /* Project object */ = {
			isa = PBXProject;
			attributes = {
				BuildIndependentTargetsInParallel = 1;
				LastSwiftUpdateCheck = 1420;
				LastUpgradeCheck = 1420;
				TargetAttributes = {
					E99F39B32A531D0A003045FA = {
						CreatedOnToolsVersion = 14.2;
					};
					E99F39C32A531D0D003045FA = {
						CreatedOnToolsVersion = 14.2;
						TestTargetID = E99F39B32A531D0A003045FA;
					};
					E99F39CD2A531D0D003045FA = {
						CreatedOnToolsVersion = 14.2;
						TestTargetID = E99F39B32A531D0A003045FA;
					};
				};
			};
			buildConfigurationList = E99F39AF2A531D0A003045FA /* Build configuration list for PBXProject "DealsApp" */;
			compatibilityVersion = "Xcode 14.0";
			developmentRegion = en;
			hasScannedForEncodings = 0;
			knownRegions = (
				en,
				Base,
			);
			mainGroup = E99F39AB2A531D0A003045FA;
			productRefGroup = E99F39B52A531D0A003045FA /* Products */;
			projectDirPath = "";
			projectRoot = "";
			targets = (
				E99F39B32A531D0A003045FA /* DealsApp */,
				E99F39C32A531D0D003045FA /* DealsAppTests */,
				E99F39CD2A531D0D003045FA /* DealsAppUITests */,
			);
		};
/* End PBXProject section */

/* Begin PBXResourcesBuildPhase section */
		E99F39B22A531D0A003045FA /* Resources */ = {
			isa = PBXResourcesBuildPhase;
			buildActionMask = 2147483647;
			files = (
				E99F39FC2A534AD4003045FA /* Info.plist in Resources */,
				E99F39BF2A531D0C003045FA /* Preview Assets.xcassets in Resources */,
				E99F39BC2A531D0C003045FA /* Assets.xcassets in Resources */,
				E99F39FA2A534611003045FA /* getDealsWithAugments.json in Resources */,
			);
			runOnlyForDeploymentPostprocessing = 0;
		};
		E99F39C22A531D0D003045FA /* Resources */ = {
			isa = PBXResourcesBuildPhase;
			buildActionMask = 2147483647;
			files = (
			);
			runOnlyForDeploymentPostprocessing = 0;
		};
		E99F39CC2A531D0D003045FA /* Resources */ = {
			isa = PBXResourcesBuildPhase;
			buildActionMask = 2147483647;
			files = (
			);
			runOnlyForDeploymentPostprocessing = 0;
		};
/* End PBXResourcesBuildPhase section */

/* Begin PBXSourcesBuildPhase section */
		E99F39B02A531D0A003045FA /* Sources */ = {
			isa = PBXSourcesBuildPhase;
			buildActionMask = 2147483647;
			files = (
				E99F39E62A531D9D003045FA /* DealsService.swift in Sources */,
				E99F39B82A531D0A003045FA /* DealsAppApp.swift in Sources */,
				E99F39E82A531D9D003045FA /* HomeView.swift in Sources */,
				E99F39E72A531D9D003045FA /* HomeViewModel.swift in Sources */,
				E99F39F52A53205A003045FA /* DealsResponse.swift in Sources */,
			);
			runOnlyForDeploymentPostprocessing = 0;
		};
		E99F39C02A531D0D003045FA /* Sources */ = {
			isa = PBXSourcesBuildPhase;
			buildActionMask = 2147483647;
			files = (
				E99F39C92A531D0D003045FA /* DealsAppTests.swift in Sources */,
			);
			runOnlyForDeploymentPostprocessing = 0;
		};
		E99F39CA2A531D0D003045FA /* Sources */ = {
			isa = PBXSourcesBuildPhase;
			buildActionMask = 2147483647;
			files = (
				E99F39D52A531D0D003045FA /* DealsAppUITestsLaunchTests.swift in Sources */,
				E99F39D32A531D0D003045FA /* DealsAppUITests.swift in Sources */,
				E99F39ED2A531DC4003045FA /* APIError.swift in Sources */,
			);
			runOnlyForDeploymentPostprocessing = 0;
		};
/* End PBXSourcesBuildPhase section */

/* Begin PBXTargetDependency section */
		E99F39C62A531D0D003045FA /* PBXTargetDependency */ = {
			isa = PBXTargetDependency;
			target = E99F39B32A531D0A003045FA /* DealsApp */;
			targetProxy = E99F39C52A531D0D003045FA /* PBXContainerItemProxy */;
		};
		E99F39D02A531D0D003045FA /* PBXTargetDependency */ = {
			isa = PBXTargetDependency;
			target = E99F39B32A531D0A003045FA /* DealsApp */;
			targetProxy = E99F39CF2A531D0D003045FA /* PBXContainerItemProxy */;
		};
/* End PBXTargetDependency section */

/* Begin XCBuildConfiguration section */
		E99F39D62A531D0D003045FA /* Debug */ = {
			isa = XCBuildConfiguration;
			buildSettings = {
				ALWAYS_SEARCH_USER_PATHS = NO;
				CLANG_ANALYZER_NONNULL = YES;
				CLANG_ANALYZER_NUMBER_OBJECT_CONVERSION = YES_AGGRESSIVE;
				CLANG_CXX_LANGUAGE_STANDARD = "gnu++20";
				CLANG_ENABLE_MODULES = YES;
				CLANG_ENABLE_OBJC_ARC = YES;
				CLANG_ENABLE_OBJC_WEAK = YES;
				CLANG_WARN_BLOCK_CAPTURE_AUTORELEASING = YES;
				CLANG_WARN_BOOL_CONVERSION = YES;
				CLANG_WARN_COMMA = YES;
				CLANG_WARN_CONSTANT_CONVERSION = YES;
				CLANG_WARN_DEPRECATED_OBJC_IMPLEMENTATIONS = YES;
				CLANG_WARN_DIRECT_OBJC_ISA_USAGE = YES_ERROR;
				CLANG_WARN_DOCUMENTATION_COMMENTS = YES;
				CLANG_WARN_EMPTY_BODY = YES;
				CLANG_WARN_ENUM_CONVERSION = YES;
				CLANG_WARN_INFINITE_RECURSION = YES;
				CLANG_WARN_INT_CONVERSION = YES;
				CLANG_WARN_NON_LITERAL_NULL_CONVERSION = YES;
				CLANG_WARN_OBJC_IMPLICIT_RETAIN_SELF = YES;
				CLANG_WARN_OBJC_LITERAL_CONVERSION = YES;
				CLANG_WARN_OBJC_ROOT_CLASS = YES_ERROR;
				CLANG_WARN_QUOTED_INCLUDE_IN_FRAMEWORK_HEADER = YES;
				CLANG_WARN_RANGE_LOOP_ANALYSIS = YES;
				CLANG_WARN_STRICT_PROTOTYPES = YES;
				CLANG_WARN_SUSPICIOUS_MOVE = YES;
				CLANG_WARN_UNGUARDED_AVAILABILITY = YES_AGGRESSIVE;
				CLANG_WARN_UNREACHABLE_CODE = YES;
				CLANG_WARN__DUPLICATE_METHOD_MATCH = YES;
				COPY_PHASE_STRIP = NO;
				DEBUG_INFORMATION_FORMAT = dwarf;
				ENABLE_STRICT_OBJC_MSGSEND = YES;
				ENABLE_TESTABILITY = YES;
				GCC_C_LANGUAGE_STANDARD = gnu11;
				GCC_DYNAMIC_NO_PIC = NO;
				GCC_NO_COMMON_BLOCKS = YES;
				GCC_OPTIMIZATION_LEVEL = 0;
				GCC_PREPROCESSOR_DEFINITIONS = (
					"DEBUG=1",
					"$(inherited)",
				);
				GCC_WARN_64_TO_32_BIT_CONVERSION = YES;
				GCC_WARN_ABOUT_RETURN_TYPE = YES_ERROR;
				GCC_WARN_UNDECLARED_SELECTOR = YES;
				GCC_WARN_UNINITIALIZED_AUTOS = YES_AGGRESSIVE;
				GCC_WARN_UNUSED_FUNCTION = YES;
				GCC_WARN_UNUSED_VARIABLE = YES;
				IPHONEOS_DEPLOYMENT_TARGET = 16.2;
				MTL_ENABLE_DEBUG_INFO = INCLUDE_SOURCE;
				MTL_FAST_MATH = YES;
				ONLY_ACTIVE_ARCH = YES;
				SDKROOT = iphoneos;
				SWIFT_ACTIVE_COMPILATION_CONDITIONS = DEBUG;
				SWIFT_OPTIMIZATION_LEVEL = "-Onone";
			};
			name = Debug;
		};
		E99F39D72A531D0D003045FA /* Release */ = {
			isa = XCBuildConfiguration;
			buildSettings = {
				ALWAYS_SEARCH_USER_PATHS = NO;
				CLANG_ANALYZER_NONNULL = YES;
				CLANG_ANALYZER_NUMBER_OBJECT_CONVERSION = YES_AGGRESSIVE;
				CLANG_CXX_LANGUAGE_STANDARD = "gnu++20";
				CLANG_ENABLE_MODULES = YES;
				CLANG_ENABLE_OBJC_ARC = YES;
				CLANG_ENABLE_OBJC_WEAK = YES;
				CLANG_WARN_BLOCK_CAPTURE_AUTORELEASING = YES;
				CLANG_WARN_BOOL_CONVERSION = YES;
				CLANG_WARN_COMMA = YES;
				CLANG_WARN_CONSTANT_CONVERSION = YES;
				CLANG_WARN_DEPRECATED_OBJC_IMPLEMENTATIONS = YES;
				CLANG_WARN_DIRECT_OBJC_ISA_USAGE = YES_ERROR;
				CLANG_WARN_DOCUMENTATION_COMMENTS = YES;
				CLANG_WARN_EMPTY_BODY = YES;
				CLANG_WARN_ENUM_CONVERSION = YES;
				CLANG_WARN_INFINITE_RECURSION = YES;
				CLANG_WARN_INT_CONVERSION = YES;
				CLANG_WARN_NON_LITERAL_NULL_CONVERSION = YES;
				CLANG_WARN_OBJC_IMPLICIT_RETAIN_SELF = YES;
				CLANG_WARN_OBJC_LITERAL_CONVERSION = YES;
				CLANG_WARN_OBJC_ROOT_CLASS = YES_ERROR;
				CLANG_WARN_QUOTED_INCLUDE_IN_FRAMEWORK_HEADER = YES;
				CLANG_WARN_RANGE_LOOP_ANALYSIS = YES;
				CLANG_WARN_STRICT_PROTOTYPES = YES;
				CLANG_WARN_SUSPICIOUS_MOVE = YES;
				CLANG_WARN_UNGUARDED_AVAILABILITY = YES_AGGRESSIVE;
				CLANG_WARN_UNREACHABLE_CODE = YES;
				CLANG_WARN__DUPLICATE_METHOD_MATCH = YES;
				COPY_PHASE_STRIP = NO;
				DEBUG_INFORMATION_FORMAT = "dwarf-with-dsym";
				ENABLE_NS_ASSERTIONS = NO;
				ENABLE_STRICT_OBJC_MSGSEND = YES;
				GCC_C_LANGUAGE_STANDARD = gnu11;
				GCC_NO_COMMON_BLOCKS = YES;
				GCC_WARN_64_TO_32_BIT_CONVERSION = YES;
				GCC_WARN_ABOUT_RETURN_TYPE = YES_ERROR;
				GCC_WARN_UNDECLARED_SELECTOR = YES;
				GCC_WARN_UNINITIALIZED_AUTOS = YES_AGGRESSIVE;
				GCC_WARN_UNUSED_FUNCTION = YES;
				GCC_WARN_UNUSED_VARIABLE = YES;
				IPHONEOS_DEPLOYMENT_TARGET = 16.2;
				MTL_ENABLE_DEBUG_INFO = NO;
				MTL_FAST_MATH = YES;
				SDKROOT = iphoneos;
				SWIFT_COMPILATION_MODE = wholemodule;
				SWIFT_OPTIMIZATION_LEVEL = "-O";
				VALIDATE_PRODUCT = YES;
			};
			name = Release;
		};
		E99F39D92A531D0D003045FA /* Debug */ = {
			isa = XCBuildConfiguration;
			buildSettings = {
				ASSETCATALOG_COMPILER_APPICON_NAME = AppIcon;
				ASSETCATALOG_COMPILER_GLOBAL_ACCENT_COLOR_NAME = AccentColor;
				CODE_SIGN_STYLE = Automatic;
				CURRENT_PROJECT_VERSION = 1;
				DEVELOPMENT_ASSET_PATHS = "\"DealsApp/Preview Content\"";
				DEVELOPMENT_TEAM = G9Z86K3593;
				ENABLE_PREVIEWS = YES;
				GENERATE_INFOPLIST_FILE = YES;
				INFOPLIST_FILE = DealsApp/Info.plist;
				INFOPLIST_KEY_UIApplicationSupportsIndirectInputEvents = YES;
				INFOPLIST_KEY_UILaunchScreen_Generation = YES;
				INFOPLIST_KEY_UISupportedInterfaceOrientations_iPad = "UIInterfaceOrientationPortrait UIInterfaceOrientationPortraitUpsideDown UIInterfaceOrientationLandscapeLeft UIInterfaceOrientationLandscapeRight";
				INFOPLIST_KEY_UISupportedInterfaceOrientations_iPhone = "UIInterfaceOrientationPortrait UIInterfaceOrientationLandscapeLeft UIInterfaceOrientationLandscapeRight";
				LD_RUNPATH_SEARCH_PATHS = (
					"$(inherited)",
					"@executable_path/Frameworks",
				);
				MARKETING_VERSION = 1.0;
				PRODUCT_BUNDLE_IDENTIFIER = "Syed-Raza.DealsApp";
				PRODUCT_NAME = "$(TARGET_NAME)";
				SWIFT_EMIT_LOC_STRINGS = YES;
				SWIFT_VERSION = 5.0;
				TARGETED_DEVICE_FAMILY = "1,2";
			};
			name = Debug;
		};
		E99F39DA2A531D0D003045FA /* Release */ = {
			isa = XCBuildConfiguration;
			buildSettings = {
				ASSETCATALOG_COMPILER_APPICON_NAME = AppIcon;
				ASSETCATALOG_COMPILER_GLOBAL_ACCENT_COLOR_NAME = AccentColor;
				CODE_SIGN_STYLE = Automatic;
				CURRENT_PROJECT_VERSION = 1;
				DEVELOPMENT_ASSET_PATHS = "\"DealsApp/Preview Content\"";
				DEVELOPMENT_TEAM = G9Z86K3593;
				ENABLE_PREVIEWS = YES;
				GENERATE_INFOPLIST_FILE = YES;
				INFOPLIST_FILE = DealsApp/Info.plist;
				INFOPLIST_KEY_UIApplicationSupportsIndirectInputEvents = YES;
				INFOPLIST_KEY_UILaunchScreen_Generation = YES;
				INFOPLIST_KEY_UISupportedInterfaceOrientations_iPad = "UIInterfaceOrientationPortrait UIInterfaceOrientationPortraitUpsideDown UIInterfaceOrientationLandscapeLeft UIInterfaceOrientationLandscapeRight";
				INFOPLIST_KEY_UISupportedInterfaceOrientations_iPhone = "UIInterfaceOrientationPortrait UIInterfaceOrientationLandscapeLeft UIInterfaceOrientationLandscapeRight";
				LD_RUNPATH_SEARCH_PATHS = (
					"$(inherited)",
					"@executable_path/Frameworks",
				);
				MARKETING_VERSION = 1.0;
				PRODUCT_BUNDLE_IDENTIFIER = "Syed-Raza.DealsApp";
				PRODUCT_NAME = "$(TARGET_NAME)";
				SWIFT_EMIT_LOC_STRINGS = YES;
				SWIFT_VERSION = 5.0;
				TARGETED_DEVICE_FAMILY = "1,2";
			};
			name = Release;
		};
		E99F39DC2A531D0D003045FA /* Debug */ = {
			isa = XCBuildConfiguration;
			buildSettings = {
				ALWAYS_EMBED_SWIFT_STANDARD_LIBRARIES = YES;
				BUNDLE_LOADER = "$(TEST_HOST)";
				CODE_SIGN_STYLE = Automatic;
				CURRENT_PROJECT_VERSION = 1;
				DEVELOPMENT_TEAM = G9Z86K3593;
				GENERATE_INFOPLIST_FILE = YES;
				IPHONEOS_DEPLOYMENT_TARGET = 16.2;
				MARKETING_VERSION = 1.0;
				PRODUCT_BUNDLE_IDENTIFIER = "Syed-Raza.DealsAppTests";
				PRODUCT_NAME = "$(TARGET_NAME)";
				SWIFT_EMIT_LOC_STRINGS = NO;
				SWIFT_VERSION = 5.0;
				TARGETED_DEVICE_FAMILY = "1,2";
				TEST_HOST = "$(BUILT_PRODUCTS_DIR)/DealsApp.app/$(BUNDLE_EXECUTABLE_FOLDER_PATH)/DealsApp";
			};
			name = Debug;
		};
		E99F39DD2A531D0D003045FA /* Release */ = {
			isa = XCBuildConfiguration;
			buildSettings = {
				ALWAYS_EMBED_SWIFT_STANDARD_LIBRARIES = YES;
				BUNDLE_LOADER = "$(TEST_HOST)";
				CODE_SIGN_STYLE = Automatic;
				CURRENT_PROJECT_VERSION = 1;
				DEVELOPMENT_TEAM = G9Z86K3593;
				GENERATE_INFOPLIST_FILE = YES;
				IPHONEOS_DEPLOYMENT_TARGET = 16.2;
				MARKETING_VERSION = 1.0;
				PRODUCT_BUNDLE_IDENTIFIER = "Syed-Raza.DealsAppTests";
				PRODUCT_NAME = "$(TARGET_NAME)";
				SWIFT_EMIT_LOC_STRINGS = NO;
				SWIFT_VERSION = 5.0;
				TARGETED_DEVICE_FAMILY = "1,2";
				TEST_HOST = "$(BUILT_PRODUCTS_DIR)/DealsApp.app/$(BUNDLE_EXECUTABLE_FOLDER_PATH)/DealsApp";
			};
			name = Release;
		};
		E99F39DF2A531D0D003045FA /* Debug */ = {
			isa = XCBuildConfiguration;
			buildSettings = {
				ALWAYS_EMBED_SWIFT_STANDARD_LIBRARIES = YES;
				CODE_SIGN_STYLE = Automatic;
				CURRENT_PROJECT_VERSION = 1;
				DEVELOPMENT_TEAM = G9Z86K3593;
				GENERATE_INFOPLIST_FILE = YES;
				MARKETING_VERSION = 1.0;
				PRODUCT_BUNDLE_IDENTIFIER = "Syed-Raza.DealsAppUITests";
				PRODUCT_NAME = "$(TARGET_NAME)";
				SWIFT_EMIT_LOC_STRINGS = NO;
				SWIFT_VERSION = 5.0;
				TARGETED_DEVICE_FAMILY = "1,2";
				TEST_TARGET_NAME = DealsApp;
			};
			name = Debug;
		};
		E99F39E02A531D0D003045FA /* Release */ = {
			isa = XCBuildConfiguration;
			buildSettings = {
				ALWAYS_EMBED_SWIFT_STANDARD_LIBRARIES = YES;
				CODE_SIGN_STYLE = Automatic;
				CURRENT_PROJECT_VERSION = 1;
				DEVELOPMENT_TEAM = G9Z86K3593;
				GENERATE_INFOPLIST_FILE = YES;
				MARKETING_VERSION = 1.0;
				PRODUCT_BUNDLE_IDENTIFIER = "Syed-Raza.DealsAppUITests";
				PRODUCT_NAME = "$(TARGET_NAME)";
				SWIFT_EMIT_LOC_STRINGS = NO;
				SWIFT_VERSION = 5.0;
				TARGETED_DEVICE_FAMILY = "1,2";
				TEST_TARGET_NAME = DealsApp;
			};
			name = Release;
		};
/* End XCBuildConfiguration section */

/* Begin XCConfigurationList section */
		E99F39AF2A531D0A003045FA /* Build configuration list for PBXProject "DealsApp" */ = {
			isa = XCConfigurationList;
			buildConfigurations = (
				E99F39D62A531D0D003045FA /* Debug */,
				E99F39D72A531D0D003045FA /* Release */,
			);
			defaultConfigurationIsVisible = 0;
			defaultConfigurationName = Release;
		};
		E99F39D82A531D0D003045FA /* Build configuration list for PBXNativeTarget "DealsApp" */ = {
			isa = XCConfigurationList;
			buildConfigurations = (
				E99F39D92A531D0D003045FA /* Debug */,
				E99F39DA2A531D0D003045FA /* Release */,
			);
			defaultConfigurationIsVisible = 0;
			defaultConfigurationName = Release;
		};
		E99F39DB2A531D0D003045FA /* Build configuration list for PBXNativeTarget "DealsAppTests" */ = {
			isa = XCConfigurationList;
			buildConfigurations = (
				E99F39DC2A531D0D003045FA /* Debug */,
				E99F39DD2A531D0D003045FA /* Release */,
			);
			defaultConfigurationIsVisible = 0;
			defaultConfigurationName = Release;
		};
		E99F39DE2A531D0D003045FA /* Build configuration list for PBXNativeTarget "DealsAppUITests" */ = {
			isa = XCConfigurationList;
			buildConfigurations = (
				E99F39DF2A531D0D003045FA /* Debug */,
				E99F39E02A531D0D003045FA /* Release */,
			);
			defaultConfigurationIsVisible = 0;
			defaultConfigurationName = Release;
		};
/* End XCConfigurationList section */
	};
	rootObject = E99F39AC2A531D0A003045FA /* Project object */;
}
